
Microsoft Visual Studio Solution File, Format Version 12.00
# Visual Studio Version 16
VisualStudioVersion = 16.0.29411.108
MinimumVisualStudioVersion = 10.0.40219.1
Project("{151D2E53-A2C4-4D7D-83FE-D05416EBD58E}") = "AzureDevOpsTrainingTestProj", "AzureDevOpsTrainingTestProj\AzureDevOpsTrainingTestProj.deployproj", "{C190B832-0363-4FB8-85C3-909282E073A0}"
EndProject
Project("{FAE04EC0-301F-11D3-BF4B-00C04F79EFBC}") = "TrainingWebApplicaion", "TrainingWebApplicaion\TrainingWebApplicaion.csproj", "{818B990D-95B8-48CB-B15F-DBC3C653FEF2}"
EndProject
Global
	GlobalSection(SolutionConfigurationPlatforms) = preSolution
		Debug|Any CPU = Debug|Any CPU
		Release|Any CPU = Release|Any CPU
	EndGlobalSection
	GlobalSection(ProjectConfigurationPlatforms) = postSolution
		{C190B832-0363-4FB8-85C3-909282E073A0}.Debug|Any CPU.ActiveCfg = Debug|Any CPU
		{C190B832-0363-4FB8-85C3-909282E073A0}.Debug|Any CPU.Build.0 = Debug|Any CPU
		{C190B832-0363-4FB8-85C3-909282E073A0}.Release|Any CPU.ActiveCfg = Release|Any CPU
		{C190B832-0363-4FB8-85C3-909282E073A0}.Release|Any CPU.Build.0 = Release|Any CPU
		{818B990D-95B8-48CB-B15F-DBC3C653FEF2}.Debug|Any CPU.ActiveCfg = Debug|Any CPU
		{818B990D-95B8-48CB-B15F-DBC3C653FEF2}.Debug|Any CPU.Build.0 = Debug|Any CPU
		{818B990D-95B8-48CB-B15F-DBC3C653FEF2}.Release|Any CPU.ActiveCfg = Release|Any CPU
		{818B990D-95B8-48CB-B15F-DBC3C653FEF2}.Release|Any CPU.Build.0 = Release|Any CPU
	EndGlobalSection
	GlobalSection(SolutionProperties) = preSolution
		HideSolutionNode = FALSE
	EndGlobalSection
	GlobalSection(ExtensibilityGlobals) = postSolution
		SolutionGuid = {3EBFA982-C6F4-4173-BA16-A16E769F31DB}
	EndGlobalSection
EndGlobal
